
Microsoft Visual Studio Solution File, Format Version 12.00
# Visual Studio Version 17
VisualStudioVersion = 17.8.34330.188
MinimumVisualStudioVersion = 10.0.40219.1
Project("{54A90642-561A-4BB1-A94E-469ADEE60C69}") = "usememo_demo", "useMemo_Demo\usememo_demo.esproj", "{B571AC89-3A77-409A-B89C-124CC752708C}"
EndProject
Project("{54A90642-561A-4BB1-A94E-469ADEE60C69}") = "usecallback_demo", "usecallback_demo\usecallback_demo.esproj", "{BBFD2DAE-CD02-4493-994C-CE267F40F705}"
EndProject
Project("{54A90642-561A-4BB1-A94E-469ADEE60C69}") = "memo_demo", "memo_demo\memo_demo.esproj", "{13BBC4CD-A630-4C7D-8807-9E2A05DC0493}"
EndProject
Project("{54A90642-561A-4BB1-A94E-469ADEE60C69}") = "usereducer_demo", "usereducer_demo\usereducer_demo.esproj", "{A977CF74-D023-4CCA-BEF8-B94F94DC1051}"
EndProject
Project("{54A90642-561A-4BB1-A94E-469ADEE60C69}") = "usecontext_demo", "usecontext_demo\usecontext_demo.esproj", "{99F03601-44A9-4D6E-8671-F5F62BF53453}"
EndProject
Project("{54A90642-561A-4BB1-A94E-469ADEE60C69}") = "custom_hook_demo", "custom_hook_demo\custom_hook_demo.esproj", "{0AA423E4-697F-4611-8A1D-0A51B9D0C6FA}"
EndProject
Global
	GlobalSection(SolutionConfigurationPlatforms) = preSolution
		Debug|Any CPU = Debug|Any CPU
		Release|Any CPU = Release|Any CPU
	EndGlobalSection
	GlobalSection(ProjectConfigurationPlatforms) = postSolution
		{B571AC89-3A77-409A-B89C-124CC752708C}.Debug|Any CPU.ActiveCfg = Debug|Any CPU
		{B571AC89-3A77-409A-B89C-124CC752708C}.Debug|Any CPU.Build.0 = Debug|Any CPU
		{B571AC89-3A77-409A-B89C-124CC752708C}.Debug|Any CPU.Deploy.0 = Debug|Any CPU
		{B571AC89-3A77-409A-B89C-124CC752708C}.Release|Any CPU.ActiveCfg = Release|Any CPU
		{B571AC89-3A77-409A-B89C-124CC752708C}.Release|Any CPU.Build.0 = Release|Any CPU
		{B571AC89-3A77-409A-B89C-124CC752708C}.Release|Any CPU.Deploy.0 = Release|Any CPU
		{BBFD2DAE-CD02-4493-994C-CE267F40F705}.Debug|Any CPU.ActiveCfg = Debug|Any CPU
		{BBFD2DAE-CD02-4493-994C-CE267F40F705}.Debug|Any CPU.Build.0 = Debug|Any CPU
		{BBFD2DAE-CD02-4493-994C-CE267F40F705}.Debug|Any CPU.Deploy.0 = Debug|Any CPU
		{BBFD2DAE-CD02-4493-994C-CE267F40F705}.Release|Any CPU.ActiveCfg = Release|Any CPU
		{BBFD2DAE-CD02-4493-994C-CE267F40F705}.Release|Any CPU.Build.0 = Release|Any CPU
		{BBFD2DAE-CD02-4493-994C-CE267F40F705}.Release|Any CPU.Deploy.0 = Release|Any CPU
		{13BBC4CD-A630-4C7D-8807-9E2A05DC0493}.Debug|Any CPU.ActiveCfg = Debug|Any CPU
		{13BBC4CD-A630-4C7D-8807-9E2A05DC0493}.Debug|Any CPU.Build.0 = Debug|Any CPU
		{13BBC4CD-A630-4C7D-8807-9E2A05DC0493}.Debug|Any CPU.Deploy.0 = Debug|Any CPU
		{13BBC4CD-A630-4C7D-8807-9E2A05DC0493}.Release|Any CPU.ActiveCfg = Release|Any CPU
		{13BBC4CD-A630-4C7D-8807-9E2A05DC0493}.Release|Any CPU.Build.0 = Release|Any CPU
		{13BBC4CD-A630-4C7D-8807-9E2A05DC0493}.Release|Any CPU.Deploy.0 = Release|Any CPU
		{A977CF74-D023-4CCA-BEF8-B94F94DC1051}.Debug|Any CPU.ActiveCfg = Debug|Any CPU
		{A977CF74-D023-4CCA-BEF8-B94F94DC1051}.Debug|Any CPU.Build.0 = Debug|Any CPU
		{A977CF74-D023-4CCA-BEF8-B94F94DC1051}.Debug|Any CPU.Deploy.0 = Debug|Any CPU
		{A977CF74-D023-4CCA-BEF8-B94F94DC1051}.Release|Any CPU.ActiveCfg = Release|Any CPU
		{A977CF74-D023-4CCA-BEF8-B94F94DC1051}.Release|Any CPU.Build.0 = Release|Any CPU
		{A977CF74-D023-4CCA-BEF8-B94F94DC1051}.Release|Any CPU.Deploy.0 = Release|Any CPU
		{99F03601-44A9-4D6E-8671-F5F62BF53453}.Debug|Any CPU.ActiveCfg = Debug|Any CPU
		{99F03601-44A9-4D6E-8671-F5F62BF53453}.Debug|Any CPU.Build.0 = Debug|Any CPU
		{99F03601-44A9-4D6E-8671-F5F62BF53453}.Debug|Any CPU.Deploy.0 = Debug|Any CPU
		{99F03601-44A9-4D6E-8671-F5F62BF53453}.Release|Any CPU.ActiveCfg = Release|Any CPU
		{99F03601-44A9-4D6E-8671-F5F62BF53453}.Release|Any CPU.Build.0 = Release|Any CPU
		{99F03601-44A9-4D6E-8671-F5F62BF53453}.Release|Any CPU.Deploy.0 = Release|Any CPU
		{0AA423E4-697F-4611-8A1D-0A51B9D0C6FA}.Debug|Any CPU.ActiveCfg = Debug|Any CPU
		{0AA423E4-697F-4611-8A1D-0A51B9D0C6FA}.Debug|Any CPU.Build.0 = Debug|Any CPU
		{0AA423E4-697F-4611-8A1D-0A51B9D0C6FA}.Debug|Any CPU.Deploy.0 = Debug|Any CPU
		{0AA423E4-697F-4611-8A1D-0A51B9D0C6FA}.Release|Any CPU.ActiveCfg = Release|Any CPU
		{0AA423E4-697F-4611-8A1D-0A51B9D0C6FA}.Release|Any CPU.Build.0 = Release|Any CPU
		{0AA423E4-697F-4611-8A1D-0A51B9D0C6FA}.Release|Any CPU.Deploy.0 = Release|Any CPU
	EndGlobalSection
	GlobalSection(SolutionProperties) = preSolution
		HideSolutionNode = FALSE
	EndGlobalSection
	GlobalSection(ExtensibilityGlobals) = postSolution
		SolutionGuid = {8DE8B88A-92C3-41ED-866D-AAB51AE69FE6}
	EndGlobalSection
EndGlobal
